{
  "version": 4,
  "terraform_version": "0.12.26",
  "serial": 59,
  "lineage": "ea539b1f-badf-be45-f4fd-309b4727d7df",
  "outputs": {
    "My_AZ": {
      "value": "ap-south-1a",
      "type": "string"
    },
    "My_Hard-disk_attached_to": {
      "value": {
        "Name": "ML OS"
      },
      "type": [
        "map",
        "string"
      ]
    },
    "My_IP": {
      "value": "13.234.38.123",
      "type": "string"
    },
    "My_OS_Name": {
      "value": {
        "Name": "ML OS"
      },
      "type": [
        "map",
        "string"
      ]
    },
    "My_Server_Hard-Disk": {
      "value": {
        "Name": "My Volume"
      },
      "type": [
        "map",
        "string"
      ]
    }
  },
  "resources": [
    {
      "mode": "managed",
      "type": "aws_ebs_volume",
      "name": "example",
      "provider": "provider.aws",
      "instances": [
        {
          "schema_version": 0,
          "attributes": {
            "arn": "arn:aws:ec2:ap-south-1:349018947514:volume/vol-033c59015e7fe1216",
            "availability_zone": "ap-south-1a",
            "encrypted": false,
            "id": "vol-033c59015e7fe1216",
            "iops": 100,
            "kms_key_id": "",
            "multi_attach_enabled": false,
            "outpost_arn": "",
            "size": 1,
            "snapshot_id": "",
            "tags": {
              "Name": "My Volume"
            },
            "throughput": 0,
            "type": "gp2"
          },
          "private": "bnVsbA==",
          "dependencies": [
            "aws_instance.webos1"
          ]
        }
      ]
    },
    {
      "mode": "managed",
      "type": "aws_instance",
      "name": "webos1",
      "provider": "provider.aws",
      "instances": [
        {
          "schema_version": 1,
          "attributes": {
            "ami": "ami-010aff33ed5991201",
            "arn": "arn:aws:ec2:ap-south-1:349018947514:instance/i-056cc70df1d40ce53",
            "associate_public_ip_address": true,
            "availability_zone": "ap-south-1a",
            "cpu_core_count": 1,
            "cpu_threads_per_core": 1,
            "credit_specification": [
              {
                "cpu_credits": "standard"
              }
            ],
            "disable_api_termination": false,
            "ebs_block_device": [],
            "ebs_optimized": false,
            "enclave_options": [
              {
                "enabled": false
              }
            ],
            "ephemeral_block_device": [],
            "get_password_data": false,
            "hibernation": false,
            "host_id": null,
            "iam_instance_profile": "",
            "id": "i-056cc70df1d40ce53",
            "instance_initiated_shutdown_behavior": null,
            "instance_state": "running",
            "instance_type": "t2.micro",
            "ipv6_address_count": 0,
            "ipv6_addresses": [],
            "key_name": "terraform_key",
            "metadata_options": [
              {
                "http_endpoint": "enabled",
                "http_put_response_hop_limit": 1,
                "http_tokens": "optional"
              }
            ],
            "monitoring": false,
            "network_interface": [],
            "outpost_arn": "",
            "password_data": "",
            "placement_group": "",
            "primary_network_interface_id": "eni-03faa691c28cceb01",
            "private_dns": "ip-172-31-37-44.ap-south-1.compute.internal",
            "private_ip": "172.31.37.44",
            "public_dns": "ec2-13-234-38-123.ap-south-1.compute.amazonaws.com",
            "public_ip": "13.234.38.123",
            "root_block_device": [
              {
                "delete_on_termination": true,
                "device_name": "/dev/xvda",
                "encrypted": false,
                "iops": 100,
                "kms_key_id": "",
                "tags": {},
                "throughput": 0,
                "volume_id": "vol-08f0af8cb4aa550cf",
                "volume_size": 8,
                "volume_type": "gp2"
              }
            ],
            "secondary_private_ips": [],
            "security_groups": [
              "TeraSG"
            ],
            "source_dest_check": true,
            "subnet_id": "subnet-87c7fdef",
            "tags": {
              "Name": "ML OS"
            },
            "tenancy": "default",
            "timeouts": null,
            "user_data": null,
            "user_data_base64": null,
            "volume_tags": null,
            "vpc_security_group_ids": [
              "sg-0256947948e484fae"
            ]
          },
          "private": "eyJlMmJmYjczMC1lY2FhLTExZTYtOGY4OC0zNDM2M2JjN2M0YzAiOnsiY3JlYXRlIjo2MDAwMDAwMDAwMDAsImRlbGV0ZSI6MTIwMDAwMDAwMDAwMCwidXBkYXRlIjo2MDAwMDAwMDAwMDB9LCJzY2hlbWFfdmVyc2lvbiI6IjEifQ=="
        }
      ]
    },
    {
      "mode": "managed",
      "type": "aws_volume_attachment",
      "name": "ebs_att",
      "provider": "provider.aws",
      "instances": [
        {
          "schema_version": 0,
          "attributes": {
            "device_name": "/dev/sdc",
            "force_detach": true,
            "id": "vai-2071865231",
            "instance_id": "i-056cc70df1d40ce53",
            "skip_destroy": null,
            "volume_id": "vol-033c59015e7fe1216"
          },
          "private": "bnVsbA==",
          "dependencies": [
            "aws_ebs_volume.example",
            "aws_instance.webos1"
          ]
        }
      ]
    },
    {
      "mode": "managed",
      "type": "null_resource",
      "name": "nullremote1",
      "provider": "provider.null",
      "instances": []
    }
  ]
}
